// !$*UTF8*$!
{
	archiveVersion = 1;
	classes = {
	};
	objectVersion = 50;
	objects = {

/* Begin PBXBuildFile section */
		04D4C6AE215FE4850073197E /* AppDelegate.swift in Sources */ = {isa = PBXBuildFile; fileRef = 04D4C6AD215FE4850073197E /* AppDelegate.swift */; };
		04D4C6B0215FE4850073197E /* MainVC.swift in Sources */ = {isa = PBXBuildFile; fileRef = 04D4C6AF215FE4850073197E /* MainVC.swift */; };
		04D4C6B3215FE4850073197E /* Main.storyboard in Resources */ = {isa = PBXBuildFile; fileRef = 04D4C6B1215FE4850073197E /* Main.storyboard */; };
		04D4C6B5215FE4880073197E /* Assets.xcassets in Resources */ = {isa = PBXBuildFile; fileRef = 04D4C6B4215FE4880073197E /* Assets.xcassets */; };
		04D4C6B8215FE4880073197E /* LaunchScreen.storyboard in Resources */ = {isa = PBXBuildFile; fileRef = 04D4C6B6215FE4880073197E /* LaunchScreen.storyboard */; };
		04D4C6C221600CFC0073197E /* Constants.swift in Sources */ = {isa = PBXBuildFile; fileRef = 04D4C6C121600CFC0073197E /* Constants.swift */; };
/* End PBXBuildFile section */

/* Begin PBXFileReference section */
		04D4C6AA215FE4850073197E /* userDefaultExample.app */ = {isa = PBXFileReference; explicitFileType = wrapper.application; includeInIndex = 0; path = userDefaultExample.app; sourceTree = BUILT_PRODUCTS_DIR; };
		04D4C6AD215FE4850073197E /* AppDelegate.swift */ = {isa = PBXFileReference; lastKnownFileType = sourcecode.swift; path = AppDelegate.swift; sourceTree = "<group>"; };
		04D4C6AF215FE4850073197E /* MainVC.swift */ = {isa = PBXFileReference; lastKnownFileType = sourcecode.swift; name = MainVC.swift; path = "../New Group/MainVC.swift"; sourceTree = "<group>"; };
		04D4C6B2215FE4850073197E /* Base */ = {isa = PBXFileReference; lastKnownFileType = file.storyboard; name = Base; path = Base.lproj/Main.storyboard; sourceTree = "<group>"; };
		04D4C6B4215FE4880073197E /* Assets.xcassets */ = {isa = PBXFileReference; lastKnownFileType = folder.assetcatalog; path = Assets.xcassets; sourceTree = "<group>"; };
		04D4C6B7215FE4880073197E /* Base */ = {isa = PBXFileReference; lastKnownFileType = file.storyboard; name = Base; path = Base.lproj/LaunchScreen.storyboard; sourceTree = "<group>"; };
		04D4C6B9215FE4880073197E /* Info.plist */ = {isa = PBXFileReference; lastKnownFileType = text.plist.xml; path = Info.plist; sourceTree = "<group>"; };
		04D4C6C121600CFC0073197E /* Constants.swift */ = {isa = PBXFileReference; lastKnownFileType = sourcecode.swift; path = Constants.swift; sourceTree = "<group>"; };
/* End PBXFileReference section */

/* Begin PBXFrameworksBuildPhase section */
		04D4C6A7215FE4840073197E /* Frameworks */ = {
			isa = PBXFrameworksBuildPhase;
			buildActionMask = 2147483647;
			files = (
			);
			runOnlyForDeploymentPostprocessing = 0;
		};
/* End PBXFrameworksBuildPhase section */

/* Begin PBXGroup section */
		04D4C6A1215FE4840073197E = {
			isa = PBXGroup;
			children = (
				04D4C6AC215FE4850073197E /* userDefaultExample */,
				04D4C6AB215FE4850073197E /* Products */,
			);
			sourceTree = "<group>";
		};
		04D4C6AB215FE4850073197E /* Products */ = {
			isa = PBXGroup;
			children = (
				04D4C6AA215FE4850073197E /* userDefaultExample.app */,
			);
			name = Products;
			sourceTree = "<group>";
		};
		04D4C6AC215FE4850073197E /* userDefaultExample */ = {
			isa = PBXGroup;
			children = (
				04D4C6C021600CCF0073197E /* Utilities */,
				04D4C6BF215FFC090073197E /* Controller */,
				04D4C6AD215FE4850073197E /* AppDelegate.swift */,
				04D4C6B1215FE4850073197E /* Main.storyboard */,
				04D4C6B4215FE4880073197E /* Assets.xcassets */,
				04D4C6B6215FE4880073197E /* LaunchScreen.storyboard */,
				04D4C6B9215FE4880073197E /* Info.plist */,
			);
			path = userDefaultExample;
			sourceTree = "<group>";
		};
		04D4C6BF215FFC090073197E /* Controller */ = {
			isa = PBXGroup;
			children = (
				04D4C6AF215FE4850073197E /* MainVC.swift */,
			);
			path = Controller;
			sourceTree = "<group>";
		};
		04D4C6C021600CCF0073197E /* Utilities */ = {
			isa = PBXGroup;
			children = (
				04D4C6C121600CFC0073197E /* Constants.swift */,
			);
			path = Utilities;
			sourceTree = "<group>";
		};
/* End PBXGroup section */

/* Begin PBXNativeTarget section */
		04D4C6A9215FE4840073197E /* userDefaultExample */ = {
			isa = PBXNativeTarget;
			buildConfigurationList = 04D4C6BC215FE4880073197E /* Build configuration list for PBXNativeTarget "userDefaultExample" */;
			buildPhases = (
				04D4C6A6215FE4840073197E /* Sources */,
				04D4C6A7215FE4840073197E /* Frameworks */,
				04D4C6A8215FE4840073197E /* Resources */,
			);
			buildRules = (
			);
			dependencies = (
			);
			name = userDefaultExample;
			productName = userDefaultExample;
			productReference = 04D4C6AA215FE4850073197E /* userDefaultExample.app */;
			productType = "com.apple.product-type.application";
		};
/* End PBXNativeTarget section */

/* Begin PBXProject section */
		04D4C6A2215FE4840073197E /* Project object */ = {
			isa = PBXProject;
			attributes = {
				LastSwiftUpdateCheck = 1000;
				LastUpgradeCheck = 1000;
				ORGANIZATIONNAME = Askerlap;
				TargetAttributes = {
					04D4C6A9215FE4840073197E = {
						CreatedOnToolsVersion = 10.0;
					};
				};
			};
			buildConfigurationList = 04D4C6A5215FE4840073197E /* Build configuration list for PBXProject "userDefaultExample" */;
			compatibilityVersion = "Xcode 9.3";
			developmentRegion = en;
			hasScannedForEncodings = 0;
			knownRegions = (
				en,
				Base,
			);
			mainGroup = 04D4C6A1215FE4840073197E;
			productRefGroup = 04D4C6AB215FE4850073197E /* Products */;
			projectDirPath = "";
			projectRoot = "";
			targets = (
				04D4C6A9215FE4840073197E /* userDefaultExample */,
			);
		};
/* End PBXProject section */

/* Begin PBXResourcesBuildPhase section */
		04D4C6A8215FE4840073197E /* Resources */ = {
			isa = PBXResourcesBuildPhase;
			buildActionMask = 2147483647;
			files = (
				04D4C6B8215FE4880073197E /* LaunchScreen.storyboard in Resources */,
				04D4C6B5215FE4880073197E /* Assets.xcassets in Resources */,
				04D4C6B3215FE4850073197E /* Main.storyboard in Resources */,
			);
			runOnlyForDeploymentPostprocessing = 0;
		};
/* End PBXResourcesBuildPhase section */

/* Begin PBXSourcesBuildPhase section */
		04D4C6A6215FE4840073197E /* Sources */ = {
			isa = PBXSourcesBuildPhase;
			buildActionMask = 2147483647;
			files = (
				04D4C6B0215FE4850073197E /* MainVC.swift in Sources */,
				04D4C6AE215FE4850073197E /* AppDelegate.swift in Sources */,
				04D4C6C221600CFC0073197E /* Constants.swift in Sources */,
			);
			runOnlyForDeploymentPostprocessing = 0;
		};
/* End PBXSourcesBuildPhase section */

/* Begin PBXVariantGroup section */
		04D4C6B1215FE4850073197E /* Main.storyboard */ = {
			isa = PBXVariantGroup;
			children = (
				04D4C6B2215FE4850073197E /* Base */,
			);
			name = Main.storyboard;
			sourceTree = "<group>";
		};
		04D4C6B6215FE4880073197E /* LaunchScreen.storyboard */ = {
			isa = PBXVariantGroup;
			children = (
				04D4C6B7215FE4880073197E /* Base */,
			);
			name = LaunchScreen.storyboard;
			sourceTree = "<group>";
		};
/* End PBXVariantGroup section */

/* Begin XCBuildConfiguration section */
		04D4C6BA215FE4880073197E /* Debug */ = {
			isa = XCBuildConfiguration;
			buildSettings = {
				ALWAYS_SEARCH_USER_PATHS = NO;
				CLANG_ANALYZER_NONNULL = YES;
				CLANG_ANALYZER_NUMBER_OBJECT_CONVERSION = YES_AGGRESSIVE;
				CLANG_CXX_LANGUAGE_STANDARD = "gnu++14";
				CLANG_CXX_LIBRARY = "libc++";
				CLANG_ENABLE_MODULES = YES;
				CLANG_ENABLE_OBJC_ARC = YES;
				CLANG_ENABLE_OBJC_WEAK = YES;
				CLANG_WARN_BLOCK_CAPTURE_AUTORELEASING = YES;
				CLANG_WARN_BOOL_CONVERSION = YES;
				CLANG_WARN_COMMA = YES;
				CLANG_WARN_CONSTANT_CONVERSION = YES;
				CLANG_WARN_DEPRECATED_OBJC_IMPLEMENTATIONS = YES;
				CLANG_WARN_DIRECT_OBJC_ISA_USAGE = YES_ERROR;
				CLANG_WARN_DOCUMENTATION_COMMENTS = YES;
				CLANG_WARN_EMPTY_BODY = YES;
				CLANG_WARN_ENUM_CONVERSION = YES;
				CLANG_WARN_INFINITE_RECURSION = YES;
				CLANG_WARN_INT_CONVERSION = YES;
				CLANG_WARN_NON_LITERAL_NULL_CONVERSION = YES;
				CLANG_WARN_OBJC_IMPLICIT_RETAIN_SELF = YES;
				CLANG_WARN_OBJC_LITERAL_CONVERSION = YES;
				CLANG_WARN_OBJC_ROOT_CLASS = YES_ERROR;
				CLANG_WARN_RANGE_LOOP_ANALYSIS = YES;
				CLANG_WARN_STRICT_PROTOTYPES = YES;
				CLANG_WARN_SUSPICIOUS_MOVE = YES;
				CLANG_WARN_UNGUARDED_AVAILABILITY = YES_AGGRESSIVE;
				CLANG_WARN_UNREACHABLE_CODE = YES;
				CLANG_WARN__DUPLICATE_METHOD_MATCH = YES;
				CODE_SIGN_IDENTITY = "iPhone Developer";
				COPY_PHASE_STRIP = NO;
				DEBUG_INFORMATION_FORMAT = dwarf;
				ENABLE_STRICT_OBJC_MSGSEND = YES;
				ENABLE_TESTABILITY = YES;
				GCC_C_LANGUAGE_STANDARD = gnu11;
				GCC_DYNAMIC_NO_PIC = NO;
				GCC_NO_COMMON_BLOCKS = YES;
				GCC_OPTIMIZATION_LEVEL = 0;
				GCC_PREPROCESSOR_DEFINITIONS = (
					"DEBUG=1",
					"$(inherited)",
				);
				GCC_WARN_64_TO_32_BIT_CONVERSION = YES;
				GCC_WARN_ABOUT_RETURN_TYPE = YES_ERROR;
				GCC_WARN_UNDECLARED_SELECTOR = YES;
				GCC_WARN_UNINITIALIZED_AUTOS = YES_AGGRESSIVE;
				GCC_WARN_UNUSED_FUNCTION = YES;
				GCC_WARN_UNUSED_VARIABLE = YES;
				IPHONEOS_DEPLOYMENT_TARGET = 12.0;
				MTL_ENABLE_DEBUG_INFO = INCLUDE_SOURCE;
				MTL_FAST_MATH = YES;
				ONLY_ACTIVE_ARCH = YES;
				SDKROOT = iphoneos;
				SWIFT_ACTIVE_COMPILATION_CONDITIONS = DEBUG;
				SWIFT_OPTIMIZATION_LEVEL = "-Onone";
			};
			name = Debug;
		};
		04D4C6BB215FE4880073197E /* Release */ = {
			isa = XCBuildConfiguration;
			buildSettings = {
				ALWAYS_SEARCH_USER_PATHS = NO;
				CLANG_ANALYZER_NONNULL = YES;
				CLANG_ANALYZER_NUMBER_OBJECT_CONVERSION = YES_AGGRESSIVE;
				CLANG_CXX_LANGUAGE_STANDARD = "gnu++14";
				CLANG_CXX_LIBRARY = "libc++";
				CLANG_ENABLE_MODULES = YES;
				CLANG_ENABLE_OBJC_ARC = YES;
				CLANG_ENABLE_OBJC_WEAK = YES;
				CLANG_WARN_BLOCK_CAPTURE_AUTORELEASING = YES;
				CLANG_WARN_BOOL_CONVERSION = YES;
				CLANG_WARN_COMMA = YES;
				CLANG_WARN_CONSTANT_CONVERSION = YES;
				CLANG_WARN_DEPRECATED_OBJC_IMPLEMENTATIONS = YES;
				CLANG_WARN_DIRECT_OBJC_ISA_USAGE = YES_ERROR;
				CLANG_WARN_DOCUMENTATION_COMMENTS = YES;
				CLANG_WARN_EMPTY_BODY = YES;
				CLANG_WARN_ENUM_CONVERSION = YES;
				CLANG_WARN_INFINITE_RECURSION = YES;
				CLANG_WARN_INT_CONVERSION = YES;
				CLANG_WARN_NON_LITERAL_NULL_CONVERSION = YES;
				CLANG_WARN_OBJC_IMPLICIT_RETAIN_SELF = YES;
				CLANG_WARN_OBJC_LITERAL_CONVERSION = YES;
				CLANG_WARN_OBJC_ROOT_CLASS = YES_ERROR;
				CLANG_WARN_RANGE_LOOP_ANALYSIS = YES;
				CLANG_WARN_STRICT_PROTOTYPES = YES;
				CLANG_WARN_SUSPICIOUS_MOVE = YES;
				CLANG_WARN_UNGUARDED_AVAILABILITY = YES_AGGRESSIVE;
				CLANG_WARN_UNREACHABLE_CODE = YES;
				CLANG_WARN__DUPLICATE_METHOD_MATCH = YES;
				CODE_SIGN_IDENTITY = "iPhone Developer";
				COPY_PHASE_STRIP = NO;
				DEBUG_INFORMATION_FORMAT = "dwarf-with-dsym";
				ENABLE_NS_ASSERTIONS = NO;
				ENABLE_STRICT_OBJC_MSGSEND = YES;
				GCC_C_LANGUAGE_STANDARD = gnu11;
				GCC_NO_COMMON_BLOCKS = YES;
				GCC_WARN_64_TO_32_BIT_CONVERSION = YES;
				GCC_WARN_ABOUT_RETURN_TYPE = YES_ERROR;
				GCC_WARN_UNDECLARED_SELECTOR = YES;
				GCC_WARN_UNINITIALIZED_AUTOS = YES_AGGRESSIVE;
				GCC_WARN_UNUSED_FUNCTION = YES;
				GCC_WARN_UNUSED_VARIABLE = YES;
				IPHONEOS_DEPLOYMENT_TARGET = 12.0;
				MTL_ENABLE_DEBUG_INFO = NO;
				MTL_FAST_MATH = YES;
				SDKROOT = iphoneos;
				SWIFT_COMPILATION_MODE = wholemodule;
				SWIFT_OPTIMIZATION_LEVEL = "-O";
				VALIDATE_PRODUCT = YES;
			};
			name = Release;
		};
		04D4C6BD215FE4880073197E /* Debug */ = {
			isa = XCBuildConfiguration;
			buildSettings = {
				ASSETCATALOG_COMPILER_APPICON_NAME = AppIcon;
				CODE_SIGN_STYLE = Automatic;
				DEVELOPMENT_TEAM = 3E7858R98T;
				INFOPLIST_FILE = userDefaultExample/Info.plist;
				LD_RUNPATH_SEARCH_PATHS = (
					"$(inherited)",
					"@executable_path/Frameworks",
				);
				PRODUCT_BUNDLE_IDENTIFIER = com.emad.askerlap.userDefaultExample;
				PRODUCT_NAME = "$(TARGET_NAME)";
				SWIFT_VERSION = 4.2;
				TARGETED_DEVICE_FAMILY = "1,2";
			};
			name = Debug;
		};
		04D4C6BE215FE4880073197E /* Release */ = {
			isa = XCBuildConfiguration;
			buildSettings = {
				ASSETCATALOG_COMPILER_APPICON_NAME = AppIcon;
				CODE_SIGN_STYLE = Automatic;
				DEVELOPMENT_TEAM = 3E7858R98T;
				INFOPLIST_FILE = userDefaultExample/Info.plist;
				LD_RUNPATH_SEARCH_PATHS = (
					"$(inherited)",
					"@executable_path/Frameworks",
				);
				PRODUCT_BUNDLE_IDENTIFIER = com.emad.askerlap.userDefaultExample;
				PRODUCT_NAME = "$(TARGET_NAME)";
				SWIFT_VERSION = 4.2;
				TARGETED_DEVICE_FAMILY = "1,2";
			};
			name = Release;
		};
/* End XCBuildConfiguration section */

/* Begin XCConfigurationList section */
		04D4C6A5215FE4840073197E /* Build configuration list for PBXProject "userDefaultExample" */ = {
			isa = XCConfigurationList;
			buildConfigurations = (
				04D4C6BA215FE4880073197E /* Debug */,
				04D4C6BB215FE4880073197E /* Release */,
			);
			defaultConfigurationIsVisible = 0;
			defaultConfigurationName = Release;
		};
		04D4C6BC215FE4880073197E /* Build configuration list for PBXNativeTarget "userDefaultExample" */ = {
			isa = XCConfigurationList;
			buildConfigurations = (
				04D4C6BD215FE4880073197E /* Debug */,
				04D4C6BE215FE4880073197E /* Release */,
			);
			defaultConfigurationIsVisible = 0;
			defaultConfigurationName = Release;
		};
/* End XCConfigurationList section */
	};
	rootObject = 04D4C6A2215FE4840073197E /* Project object */;
}
